{
    "_readme": [
        "This file locks the dependencies of your project to a known state",
        "Read more about it at https://getcomposer.org/doc/01-basic-usage.md#installing-dependencies",
        "This file is @generated automatically"
    ],
    "content-hash": "c553c2e524d0d26750cd406f3c5601b0",
    "packages": [],
    "packages-dev": [
        {
            "name": "dealerdirect/phpcodesniffer-composer-installer",
            "version": "v1.2.1",
            "source": {
                "type": "git",
                "url": "https://github.com/PHPCSStandards/composer-installer.git",
                "reference": "963f0c67bffde0eac41b56be71ac0e8ba132f0bd"
            },
            "dist": {
                "type": "zip",
                "url": "https://api.github.com/repos/PHPCSStandards/composer-installer/zipball/963f0c67bffde0eac41b56be71ac0e8ba132f0bd",
                "reference": "963f0c67bffde0eac41b56be71ac0e8ba132f0bd",
                "shasum": ""
            },
            "require": {
                "composer-plugin-api": "^2.2",
                "php": ">=5.4",
                "squizlabs/php_codesniffer": "^3.1.0 || ^4.0"
            },
            "require-dev": {
                "composer/composer": "^2.2",
                "ext-json": "*",
                "ext-zip": "*",
                "php-parallel-lint/php-parallel-lint": "^1.4.0",
                "phpcompatibility/php-compatibility": "^9.0 || ^10.0.0@dev",
                "yoast/phpunit-polyfills": "^1.0"
            },
            "type": "composer-plugin",
            "extra": {
                "class": "PHPCSStandards\\Composer\\Plugin\\Installers\\PHPCodeSniffer\\Plugin"
            },
            "autoload": {
                "psr-4": {
                    "PHPCSStandards\\Composer\\Plugin\\Installers\\PHPCodeSniffer\\": "src/"
                }
            },
            "autoload-dev": {
                "psr-4": {
                    "PHPCSStandards\\Composer\\Plugin\\Installers\\PHPCodeSniffer\\Tests\\": "tests/"
                }
            },
            "scripts": {
                "install-codestandards": [
                    "PHPCSStandards\\Composer\\Plugin\\Installers\\PHPCodeSniffer\\Plugin::run"
                ],
                "lint": [
                    "@php ./vendor/php-parallel-lint/php-parallel-lint/parallel-lint . -e php --show-deprecated --exclude vendor --exclude .git"
                ],
                "test": [
                    "@php ./vendor/phpunit/phpunit/phpunit --no-coverage"
                ],
                "coverage": [
                    "@php ./vendor/phpunit/phpunit/phpunit"
                ]
            },
            "license": [
                "MIT"
            ],
            "authors": [
                {
                    "name": "Franck Nijhof",
                    "email": "opensource@frenck.dev",
                    "homepage": "https://frenck.dev",
                    "role": "Open source developer"
                },
                {
                    "name": "Contributors",
                    "homepage": "https://github.com/PHPCSStandards/composer-installer/graphs/contributors"
                }
            ],
            "description": "PHP_CodeSniffer Standards Composer Installer Plugin",
            "keywords": [
                "code quality",
                "codesniffer",
                "composer",
                "installer",
                "php_codesniffer",
                "phpcbf",
                "phpcodesniffer",
                "phpcs",
                "plugin",
                "qa",
                "quality",
                "standard",
                "standards",
                "style guide",
                "stylecheck",
                "tests"
            ],
            "support": {
                "issues": "https://github.com/PHPCSStandards/composer-installer/issues",
                "source": "https://github.com/PHPCSStandards/composer-installer",
                "security": "https://github.com/PHPCSStandards/composer-installer/security/policy"
            }
        },
        {
            "name": "php-stubs/wordpress-stubs",
            "version": "v6.9.4",
            "source": {
                "type": "git",
                "url": "https://github.com/php-stubs/wordpress-stubs.git",
                "reference": "90a9412826b9944f93b10bf41d795b5fe68abcd5"
            },
            "dist": {
                "type": "zip",
                "url": "https://api.github.com/repos/php-stubs/wordpress-stubs/zipball/90a9412826b9944f93b10bf41d795b5fe68abcd5",
                "reference": "90a9412826b9944f93b10bf41d795b5fe68abcd5",
                "shasum": ""
            },
            "conflict": {
                "phpdocumentor/reflection-docblock": "5.6.1"
            },
            "require-dev": {
                "dealerdirect/phpcodesniffer-composer-installer": "^1.0",
                "nikic/php-parser": "^5.5",
                "php": "^7.4 || ^8.0",
                "php-stubs/generator": "^0.8.6",
                "phpdocumentor/reflection-docblock": "^6.0",
                "phpstan/phpstan": "^2.1",
                "phpunit/phpunit": "^9.5",
                "symfony/polyfill-php80": "*",
                "szepeviktor/phpcs-psr-12-neutron-hybrid-ruleset": "^1.1.1",
                "wp-coding-standards/wpcs": "3.1.0 as 2.3.0"
            },
            "suggest": {
                "paragonie/sodium_compat": "Pure PHP implementation of libsodium",
                "symfony/polyfill-php80": "Symfony polyfill backporting some PHP 8.0+ features to lower PHP versions",
                "szepeviktor/phpstan-wordpress": "WordPress extensions for PHPStan"
            },
            "type": "library",
            "autoload-dev": {
                "psr-4": {
                    "PhpStubs\\WordPress\\Core\\": "src/"
                },
                "classmap": [
                    "tests/"
                ]
            },
            "scripts": {
                "post-install-cmd": [
                    "@composer --working-dir=source/ update --no-interaction"
                ],
                "post-update-cmd": [
                    "@composer --working-dir=source/ update --no-interaction"
                ],
                "cleanup": [
                    "git status --short --ignored | sed -n -e 's#^!! ##p' | xargs -r rm -vrf"
                ],
                "test": [
                    "@test:phpunit",
                    "@test:phpstan",
                    "@test:cs"
                ],
                "test:cs": [
                    "phpcs"
                ],
                "test:cs:fix": [
                    "phpcbf"
                ],
                "test:phpstan": [
                    "phpstan analyze"
                ],
                "test:phpunit": [
                    "phpunit"
                ]
            },
            "license": [
                "MIT"
            ],
            "description": "WordPress function and class declaration stubs for static analysis.",
            "homepage": "https://github.com/php-stubs/wordpress-stubs",
            "keywords": [
                "phpstan",
                "static analysis",
                "wordpress"
            ]
        },
        {
            "name": "php-stubs/wp-cli-stubs",
            "version": "v2.12.0",
            "source": {
                "type": "git",
                "url": "https://github.com/php-stubs/wp-cli-stubs.git",
                "reference": "af16401e299a3fd2229bd0fa9a037638a4174a9d"
            },
            "dist": {
                "type": "zip",
                "url": "https://api.github.com/repos/php-stubs/wp-cli-stubs/zipball/af16401e299a3fd2229bd0fa9a037638a4174a9d",
                "reference": "af16401e299a3fd2229bd0fa9a037638a4174a9d",
                "shasum": ""
            },
            "require": {
                "php-stubs/wordpress-stubs": "^4.7 || ^5.0 || ^6.0"
            },
            "require-dev": {
                "php": "~7.3 || ~8.0",
                "php-stubs/generator": "^0.8.0"
            },
            "suggest": {
                "symfony/polyfill-php73": "Symfony polyfill backporting some PHP 7.3+ features to lower PHP versions",
                "szepeviktor/phpstan-wordpress": "WordPress extensions for PHPStan"
            },
            "type": "library",
            "scripts": {
                "cleanup": [
                    "git status --short --ignored | sed -n -e 's#^!! ##p' | xargs -r rm -vrf"
                ]
            },
            "license": [
                "MIT"
            ],
            "description": "WP-CLI function and class declaration stubs for static analysis.",
            "homepage": "https://github.com/php-stubs/wp-cli-stubs",
            "keywords": [
                "phpstan",
                "static analysis",
                "wordpress",
                "wp-cli"
            ]
        },
        {
            "name": "phpcompatibility/php-compatibility",
            "version": "9.3.5",
            "source": {
                "type": "git",
                "url": "https://github.com/PHPCompatibility/PHPCompatibility.git",
                "reference": "9fb324479acf6f39452e0655d2429cc0d3914243"
            },
            "dist": {
                "type": "zip",
                "url": "https://api.github.com/repos/PHPCompatibility/PHPCompatibility/zipball/9fb324479acf6f39452e0655d2429cc0d3914243",
                "reference": "9fb324479acf6f39452e0655d2429cc0d3914243",
                "shasum": ""
            },
            "require": {
                "php": ">=5.3",
                "squizlabs/php_codesniffer": "^2.3 || ^3.0.2"
            },
            "conflict": {
                "squizlabs/php_codesniffer": "2.6.2"
            },
            "require-dev": {
                "phpunit/phpunit": "~4.5 || ^5.0 || ^6.0 || ^7.0"
            },
            "suggest": {
                "dealerdirect/phpcodesniffer-composer-installer": "^0.5 || This Composer plugin will sort out the PHPCS 'installed_paths' automatically.",
                "roave/security-advisories": "dev-master || Helps prevent installing dependencies with known security issues."
            },
            "type": "phpcodesniffer-standard",
            "scripts": {
                "post-install-cmd": [
                    "\"vendor/bin/phpcs\" --config-set installed_paths ../../.."
                ],
                "post-update-cmd": [
                    "\"vendor/bin/phpcs\" --config-set installed_paths ../../.."
                ]
            },
            "license": [
                "LGPL-3.0-or-later"
            ],
            "authors": [
                {
                    "name": "Wim Godden",
                    "role": "lead",
                    "homepage": "https://github.com/wimg"
                },
                {
                    "name": "Juliette Reinders Folmer",
                    "role": "lead",
                    "homepage": "https://github.com/jrfnl"
                },
                {
                    "name": "Contributors",
                    "homepage": "https://github.com/PHPCompatibility/PHPCompatibility/graphs/contributors"
                }
            ],
            "description": "A set of sniffs for PHP_CodeSniffer that checks for PHP cross-version compatibility.",
            "homepage": "http://techblog.wimgodden.be/tag/codesniffer/",
            "keywords": [
                "compatibility",
                "phpcs",
                "standards"
            ],
            "support": {
                "issues": "https://github.com/PHPCompatibility/PHPCompatibility/issues",
                "source": "https://github.com/PHPCompatibility/PHPCompatibility"
            }
        },
        {
            "name": "phpcompatibility/phpcompatibility-paragonie",
            "version": "1.3.4",
            "source": {
                "type": "git",
                "url": "https://github.com/PHPCompatibility/PHPCompatibilityParagonie.git",
                "reference": "244d7b04fc4bc2117c15f5abe23eb933b5f02bbf"
            },
            "dist": {
                "type": "zip",
                "url": "https://api.github.com/repos/PHPCompatibility/PHPCompatibilityParagonie/zipball/244d7b04fc4bc2117c15f5abe23eb933b5f02bbf",
                "reference": "244d7b04fc4bc2117c15f5abe23eb933b5f02bbf",
                "shasum": ""
            },
            "require": {
                "phpcompatibility/php-compatibility": "^9.0"
            },
            "require-dev": {
                "dealerdirect/phpcodesniffer-composer-installer": "^1.0",
                "paragonie/random_compat": "dev-master",
                "paragonie/sodium_compat": "dev-master"
            },
            "suggest": {
                "dealerdirect/phpcodesniffer-composer-installer": "^1.0 || This Composer plugin will sort out the PHP_CodeSniffer 'installed_paths' automatically.",
                "roave/security-advisories": "dev-master || Helps prevent installing dependencies with known security issues."
            },
            "type": "phpcodesniffer-standard",
            "license": [
                "LGPL-3.0-or-later"
            ],
            "authors": [
                {
                    "name": "Wim Godden",
                    "role": "lead"
                },
                {
                    "name": "Juliette Reinders Folmer",
                    "role": "lead"
                }
            ],
            "description": "A set of rulesets for PHP_CodeSniffer to check for PHP cross-version compatibility issues in projects, while accounting for polyfills provided by the Paragonie polyfill libraries.",
            "homepage": "http://phpcompatibility.com/",
            "keywords": [
                "compatibility",
                "paragonie",
                "phpcs",
                "polyfill",
                "standards",
                "static analysis"
            ],
            "support": {
                "issues": "https://github.com/PHPCompatibility/PHPCompatibilityParagonie/issues",
                "source": "https://github.com/PHPCompatibility/PHPCompatibilityParagonie",
                "security": "https://github.com/PHPCompatibility/PHPCompatibilityParagonie/security/policy"
            }
        },
        {
            "name": "phpcompatibility/phpcompatibility-wp",
            "version": "2.1.8",
            "source": {
                "type": "git",
                "url": "https://github.com/PHPCompatibility/PHPCompatibilityWP.git",
                "reference": "7c8d18b4d90dac9e86b0869a608fa09158e168fa"
            },
            "dist": {
                "type": "zip",
                "url": "https://api.github.com/repos/PHPCompatibility/PHPCompatibilityWP/zipball/7c8d18b4d90dac9e86b0869a608fa09158e168fa",
                "reference": "7c8d18b4d90dac9e86b0869a608fa09158e168fa",
                "shasum": ""
            },
            "require": {
                "phpcompatibility/php-compatibility": "^9.0",
                "phpcompatibility/phpcompatibility-paragonie": "^1.0",
                "squizlabs/php_codesniffer": "^3.3"
            },
            "require-dev": {
                "dealerdirect/phpcodesniffer-composer-installer": "^1.0"
            },
            "suggest": {
                "dealerdirect/phpcodesniffer-composer-installer": "^1.0 || This Composer plugin will sort out the PHP_CodeSniffer 'installed_paths' automatically.",
                "roave/security-advisories": "dev-master || Helps prevent installing dependencies with known security issues."
            },
            "type": "phpcodesniffer-standard",
            "license": [
                "LGPL-3.0-or-later"
            ],
            "authors": [
                {
                    "name": "Wim Godden",
                    "role": "lead"
                },
                {
                    "name": "Juliette Reinders Folmer",
                    "role": "lead"
                }
            ],
            "description": "A ruleset for PHP_CodeSniffer to check for PHP cross-version compatibility issues in projects, while accounting for polyfills provided by WordPress.",
            "homepage": "http://phpcompatibility.com/",
            "keywords": [
                "compatibility",
                "phpcs",
                "standards",
                "static analysis",
                "wordpress"
            ],
            "support": {
                "issues": "https://github.com/PHPCompatibility/PHPCompatibilityWP/issues",
                "source": "https://github.com/PHPCompatibility/PHPCompatibilityWP",
                "security": "https://github.com/PHPCompatibility/PHPCompatibilityWP/security/policy"
            }
        },
        {
            "name": "phpcsstandards/phpcsextra",
            "version": "1.5.1",
            "source": {
                "type": "git",
                "url": "https://github.com/PHPCSStandards/PHPCSExtra.git",
                "reference": "39467533fdb742446d68c1d10ac33d625ee0311c"
            },
            "dist": {
                "type": "zip",
                "url": "https://api.github.com/repos/PHPCSStandards/PHPCSExtra/zipball/39467533fdb742446d68c1d10ac33d625ee0311c",
                "reference": "39467533fdb742446d68c1d10ac33d625ee0311c",
                "shasum": ""
            },
            "require": {
                "php": ">=5.4",
                "phpcsstandards/phpcsutils": "^1.2.3",
                "squizlabs/php_codesniffer": "^3.13.5 || ^4.0.1"
            },
            "require-dev": {
                "php-parallel-lint/php-console-highlighter": "^1.0",
                "php-parallel-lint/php-parallel-lint": "^1.4.0",
                "phpcsstandards/phpcsdevcs": "^1.2.0",
                "phpcsstandards/phpcsdevtools": "^1.2.1",
                "phpunit/phpunit": "^4.5 || ^5.0 || ^6.0 || ^7.0 || ^8.0 || ^9.3.4"
            },
            "type": "phpcodesniffer-standard",
            "extra": {
                "branch-alias": {
                    "dev-develop": "1.x-dev",
                    "dev-stable": "1.x-dev"
                }
            },
            "scripts": {
                "lint": [
                    "@php ./vendor/php-parallel-lint/php-parallel-lint/parallel-lint . --show-deprecated -e php --exclude vendor --exclude .git"
                ],
                "checkcs": [
                    "@php ./vendor/squizlabs/php_codesniffer/bin/phpcs"
                ],
                "fixcs": [
                    "@php ./vendor/squizlabs/php_codesniffer/bin/phpcbf"
                ],
                "check-complete": [
                    "@php ./vendor/phpcsstandards/phpcsdevtools/bin/phpcs-check-feature-completeness ./Modernize ./NormalizedArrays ./Universal"
                ],
                "test-phpcs3": [
                    "@php ./vendor/phpunit/phpunit/phpunit --filter PHPCSExtra --no-coverage ./vendor/squizlabs/php_codesniffer/tests/AllTests.php"
                ],
                "test-phpcs4": [
                    "@php ./vendor/phpunit/phpunit/phpunit --no-coverage"
                ],
                "coverage-phpcs3": [
                    "@php ./vendor/phpunit/phpunit/phpunit --filter PHPCSExtra ./vendor/squizlabs/php_codesniffer/tests/AllTests.php"
                ],
                "coverage-phpcs4": [
                    "@php ./vendor/phpunit/phpunit/phpunit"
                ],
                "coverage-phpcs3-local": [
                    "@php ./vendor/phpunit/phpunit/phpunit --filter PHPCSExtra ./vendor/squizlabs/php_codesniffer/tests/AllTests.php --coverage-html ./build/coverage-html"
                ],
                "coverage-phpcs4-local": [
                    "@php ./vendor/phpunit/phpunit/phpunit --coverage-html ./build/coverage-html"
                ]
            },
            "license": [
                "LGPL-3.0-or-later"
            ],
            "authors": [
                {
                    "name": "Juliette Reinders Folmer",
                    "homepage": "https://github.com/jrfnl",
                    "role": "lead"
                },
                {
                    "name": "Contributors",
                    "homepage": "https://github.com/PHPCSStandards/PHPCSExtra/graphs/contributors"
                }
            ],
            "description": "A collection of sniffs and standards for use with PHP_CodeSniffer.",
            "keywords": [
                "php_codesniffer",
                "phpcbf",
                "phpcodesniffer-standard",
                "phpcs",
                "standards",
                "static analysis"
            ],
            "support": {
                "issues": "https://github.com/PHPCSStandards/PHPCSExtra/issues",
                "source": "https://github.com/PHPCSStandards/PHPCSExtra",
                "security": "https://github.com/PHPCSStandards/PHPCSExtra/security/policy"
            }
        },
        {
            "name": "phpcsstandards/phpcsutils",
            "version": "1.2.3",
            "source": {
                "type": "git",
                "url": "https://github.com/PHPCSStandards/PHPCSUtils.git",
                "reference": "5f35d9408c54d7b529501f3c688b6eae562aea1f"
            },
            "dist": {
                "type": "zip",
                "url": "https://api.github.com/repos/PHPCSStandards/PHPCSUtils/zipball/5f35d9408c54d7b529501f3c688b6eae562aea1f",
                "reference": "5f35d9408c54d7b529501f3c688b6eae562aea1f",
                "shasum": ""
            },
            "require": {
                "dealerdirect/phpcodesniffer-composer-installer": "^0.4.1 || ^0.5 || ^0.6.2 || ^0.7 || ^1.0",
                "php": ">=5.4",
                "squizlabs/php_codesniffer": "^3.13.5 || ^4.0.1"
            },
            "require-dev": {
                "ext-filter": "*",
                "php-parallel-lint/php-console-highlighter": "^1.0",
                "php-parallel-lint/php-parallel-lint": "^1.4.0",
                "phpcsstandards/phpcsdevcs": "^1.2.0",
                "yoast/phpunit-polyfills": "^1.1.0 || ^2.0.0 || ^3.0.0"
            },
            "type": "phpcodesniffer-standard",
            "extra": {
                "branch-alias": {
                    "dev-stable": "1.x-dev",
                    "dev-develop": "1.x-dev"
                }
            },
            "autoload": {
                "classmap": [
                    "PHPCSUtils/"
                ]
            },
            "autoload-dev": {
                "psr-4": {
                    "PHPCSUtils\\Tests\\": "Tests/",
                    "PHPCSUtils\\GHPages\\": ".github/GHPages/"
                }
            },
            "scripts": {
                "lint-lt72": [
                    "@php ./vendor/php-parallel-lint/php-parallel-lint/parallel-lint . --show-deprecated -e php --exclude vendor --exclude .git --exclude .github/GHPages"
                ],
                "lint": [
                    "@php ./vendor/php-parallel-lint/php-parallel-lint/parallel-lint . -e php --exclude vendor --exclude .git"
                ],
                "checkcs": [
                    "@php ./vendor/squizlabs/php_codesniffer/bin/phpcs"
                ],
                "fixcs": [
                    "@php ./vendor/squizlabs/php_codesniffer/bin/phpcbf"
                ],
                "test": [
                    "@php ./vendor/phpunit/phpunit/phpunit --no-coverage"
                ],
                "test10": [
                    "@php ./vendor/phpunit/phpunit/phpunit -c phpunit10.xml.dist --no-coverage"
                ],
                "coverage": [
                    "@php ./vendor/phpunit/phpunit/phpunit"
                ],
                "coverage10": [
                    "@php ./vendor/phpunit/phpunit/phpunit -c phpunit10.xml.dist"
                ],
                "coverage-local": [
                    "@php ./vendor/phpunit/phpunit/phpunit --coverage-html ./build/coverage-html"
                ],
                "coverage-local10": [
                    "@php ./vendor/phpunit/phpunit/phpunit -c phpunit10.xml.dist --coverage-html ./build/coverage-html"
                ]
            },
            "license": [
                "LGPL-3.0-or-later"
            ],
            "authors": [
                {
                    "name": "Juliette Reinders Folmer",
                    "role": "lead",
                    "homepage": "https://github.com/jrfnl"
                },
                {
                    "name": "Contributors",
                    "homepage": "https://github.com/PHPCSStandards/PHPCSUtils/graphs/contributors"
                }
            ],
            "description": "A suite of utility functions for use with PHP_CodeSniffer",
            "homepage": "https://phpcsutils.com/",
            "keywords": [
                "php_codesniffer",
                "phpcbf",
                "phpcodesniffer-standard",
                "phpcs",
                "phpcs3",
                "phpcs4",
                "standards",
                "static analysis",
                "tokens",
                "utility"
            ],
            "support": {
                "issues": "https://github.com/PHPCSStandards/PHPCSUtils/issues",
                "source": "https://github.com/PHPCSStandards/PHPCSUtils",
                "docs": "https://phpcsutils.com/",
                "security": "https://github.com/PHPCSStandards/PHPCSUtils/security/policy"
            }
        },
        {
            "name": "phpstan/phpstan",
            "version": "2.2.16",
            "source": {
                "type": "git",
                "url": "https://github.com/phpstan/phpstan.git",
                "reference": "46a6d9060e5a7763adfcc21ebcb8b504ebdbcb92"
            },
            "dist": {
                "type": "zip",
                "url": "https://api.github.com/repos/phpstan/phpstan/zipball/46a6d9060e5a7763adfcc21ebcb8b504ebdbcb92",
                "reference": "46a6d9060e5a7763adfcc21ebcb8b504ebdbcb92",
                "shasum": ""
            },
            "require": {
                "php": "^7.4|^8.0"
            },
            "conflict": {
                "phpstan/phpstan-shim": "*"
            },
            "bin": [
                "phpstan",
                "phpstan.phar"
            ],
            "type": "library",
            "autoload": {
                "files": [
                    "bootstrap.php"
                ]
            },
            "license": [
                "MIT"
            ],
            "authors": [
                {
                    "name": "Ondřej Mirtes"
                },
                {
                    "name": "Markus Staab"
                },
                {
                    "name": "Vincent Langlet"
                }
            ],
            "description": "PHPStan - PHP Static Analysis Tool",
            "keywords": [
                "dev",
                "static analysis"
            ],
            "support": {
                "issues": "https://github.com/phpstan/phpstan/issues",
                "forum": "https://github.com/phpstan/phpstan/discussions",
                "source": "https://github.com/phpstan/phpstan-src",
                "docs": "https://phpstan.org/user-guide/getting-started",
                "security": "https://github.com/phpstan/phpstan/security/policy"
            }
        },
        {
            "name": "squizlabs/php_codesniffer",
            "version": "3.13.6",
            "source": {
                "type": "git",
                "url": "https://github.com/PHPCSStandards/PHP_CodeSniffer.git",
                "reference": "4c378e1a528ea066890fc2397cbdd2f94eb2fc91"
            },
            "dist": {
                "type": "zip",
                "url": "https://api.github.com/repos/PHPCSStandards/PHP_CodeSniffer/zipball/4c378e1a528ea066890fc2397cbdd2f94eb2fc91",
                "reference": "4c378e1a528ea066890fc2397cbdd2f94eb2fc91",
                "shasum": ""
            },
            "require": {
                "ext-simplexml": "*",
                "ext-tokenizer": "*",
                "ext-xmlwriter": "*",
                "php": ">=5.4.0"
            },
            "require-dev": {
                "phpunit/phpunit": "^4.0 || ^5.0 || ^6.0 || ^7.0 || ^8.0 || ^9.3.4"
            },
            "bin": [
                "bin/phpcbf",
                "bin/phpcs"
            ],
            "type": "library",
            "scripts": {
                "cs": [
                    "@php ./bin/phpcs"
                ],
                "cbf": [
                    "@php ./bin/phpcbf"
                ],
                "test": [
                    "Composer\\Config::disableProcessTimeout",
                    "@php ./vendor/phpunit/phpunit/phpunit tests/AllTests.php --no-coverage"
                ],
                "coverage": [
                    "Composer\\Config::disableProcessTimeout",
                    "@php ./vendor/phpunit/phpunit/phpunit tests/AllTests.php -d max_execution_time=0"
                ],
                "coverage-local": [
                    "Composer\\Config::disableProcessTimeout",
                    "@php ./vendor/phpunit/phpunit/phpunit tests/AllTests.php --coverage-html ./build/coverage-html -d max_execution_time=0"
                ],
                "build": [
                    "Composer\\Config::disableProcessTimeout",
                    "@php -d phar.readonly=0 -f ./scripts/build-phar.php"
                ],
                "check-all": [
                    "@cs",
                    "@test"
                ]
            },
            "license": [
                "BSD-3-Clause"
            ],
            "authors": [
                {
                    "name": "Greg Sherwood",
                    "role": "Former lead"
                },
                {
                    "name": "Juliette Reinders Folmer",
                    "role": "Current lead"
                },
                {
                    "name": "Contributors",
                    "homepage": "https://github.com/PHPCSStandards/PHP_CodeSniffer/graphs/contributors"
                }
            ],
            "description": "PHP_CodeSniffer tokenizes PHP, JavaScript and CSS files and detects violations of a defined set of coding standards.",
            "homepage": "https://github.com/PHPCSStandards/PHP_CodeSniffer",
            "keywords": [
                "phpcs",
                "standards",
                "static analysis"
            ],
            "support": {
                "issues": "https://github.com/PHPCSStandards/PHP_CodeSniffer/issues",
                "wiki": "https://github.com/PHPCSStandards/PHP_CodeSniffer/wiki",
                "source": "https://github.com/PHPCSStandards/PHP_CodeSniffer",
                "security": "https://github.com/PHPCSStandards/PHP_CodeSniffer/security/policy"
            }
        },
        {
            "name": "szepeviktor/phpstan-wordpress",
            "version": "v2.0.4",
            "source": {
                "type": "git",
                "url": "https://github.com/szepeviktor/phpstan-wordpress.git",
                "reference": "84577e2ea1e4c2a95537fe5ea2ac8e18f4ceab1a"
            },
            "dist": {
                "type": "zip",
                "url": "https://api.github.com/repos/szepeviktor/phpstan-wordpress/zipball/84577e2ea1e4c2a95537fe5ea2ac8e18f4ceab1a",
                "reference": "84577e2ea1e4c2a95537fe5ea2ac8e18f4ceab1a",
                "shasum": ""
            },
            "require": {
                "php": "^7.4 || ^8.0",
                "php-stubs/wordpress-stubs": ">=6.6.2",
                "phpstan/phpstan": "^2.0"
            },
            "require-dev": {
                "composer/composer": "^2.1.14",
                "composer/semver": "^3.4",
                "dealerdirect/phpcodesniffer-composer-installer": "^1.0",
                "php-parallel-lint/php-parallel-lint": "^1.1",
                "phpstan/phpstan-strict-rules": "^2.0",
                "phpunit/phpunit": "^9.0",
                "szepeviktor/phpcs-psr-12-neutron-hybrid-ruleset": "^1.0",
                "wp-coding-standards/wpcs": "3.1.0 as 2.3.0"
            },
            "suggest": {
                "swissspidy/phpstan-no-private": "Detect usage of internal core functions, classes and methods"
            },
            "type": "phpstan-extension",
            "extra": {
                "phpstan": {
                    "includes": [
                        "extension.neon"
                    ]
                }
            },
            "autoload": {
                "psr-4": {
                    "SzepeViktor\\PHPStan\\WordPress\\": "src/"
                }
            },
            "autoload-dev": {
                "classmap": [
                    "tests/"
                ]
            },
            "scripts": {
                "test": [
                    "@test:syntax",
                    "@test:phpunit",
                    "@test:cs",
                    "@test:phpstan"
                ],
                "test:cs": [
                    "phpcs"
                ],
                "test:cs:fix": [
                    "phpcbf"
                ],
                "test:phpstan": [
                    "phpstan analyze"
                ],
                "test:phpunit": [
                    "phpunit"
                ],
                "test:syntax": [
                    "parallel-lint bootstrap.php src/ tests/"
                ]
            },
            "license": [
                "MIT"
            ],
            "description": "WordPress extensions for PHPStan",
            "keywords": [
                "code analyse",
                "code analysis",
                "phpstan",
                "static analysis",
                "wordpress"
            ]
        },
        {
            "name": "wp-coding-standards/wpcs",
            "version": "3.4.1",
            "source": {
                "type": "git",
                "url": "https://github.com/WordPress/WordPress-Coding-Standards.git",
                "reference": "ec2ff942335f33683a5957a85d138753876a05cf"
            },
            "dist": {
                "type": "zip",
                "url": "https://api.github.com/repos/WordPress/WordPress-Coding-Standards/zipball/ec2ff942335f33683a5957a85d138753876a05cf",
                "reference": "ec2ff942335f33683a5957a85d138753876a05cf",
                "shasum": ""
            },
            "require": {
                "ext-filter": "*",
                "ext-libxml": "*",
                "ext-tokenizer": "*",
                "ext-xmlreader": "*",
                "php": ">=7.2",
                "phpcsstandards/phpcsextra": "^1.5.1",
                "phpcsstandards/phpcsutils": "^1.2.3",
                "squizlabs/php_codesniffer": "^3.13.5"
            },
            "require-dev": {
                "php-parallel-lint/php-console-highlighter": "^1.0.0",
                "php-parallel-lint/php-parallel-lint": "^1.4.0",
                "phpcompatibility/php-compatibility": "^10.0.0@dev",
                "phpcsstandards/phpcsdevtools": "^1.2.0",
                "phpunit/phpunit": "^8.0 || ^9.0"
            },
            "suggest": {
                "ext-iconv": "For improved results",
                "ext-mbstring": "For improved results"
            },
            "type": "phpcodesniffer-standard",
            "scripts": {
                "lint": [
                    "@php ./vendor/php-parallel-lint/php-parallel-lint/parallel-lint . -e php --show-deprecated --exclude vendor --exclude .git"
                ],
                "check-cs": [
                    "@php ./vendor/squizlabs/php_codesniffer/bin/phpcs"
                ],
                "fix-cs": [
                    "@php ./vendor/squizlabs/php_codesniffer/bin/phpcbf"
                ],
                "run-tests": [
                    "@php ./vendor/phpunit/phpunit/phpunit --filter WordPress ./vendor/squizlabs/php_codesniffer/tests/AllTests.php --no-coverage"
                ],
                "coverage": [
                    "@php ./vendor/phpunit/phpunit/phpunit --filter WordPress ./vendor/squizlabs/php_codesniffer/tests/AllTests.php"
                ],
                "check-complete": [
                    "@php ./vendor/phpcsstandards/phpcsdevtools/bin/phpcs-check-feature-completeness -q ./WordPress"
                ],
                "check-complete-strict": [
                    "@php ./vendor/phpcsstandards/phpcsdevtools/bin/phpcs-check-feature-completeness ./WordPress"
                ],
                "check-all": [
                    "@lint",
                    "@check-cs",
                    "@run-tests",
                    "@check-complete-strict"
                ]
            },
            "license": [
                "MIT"
            ],
            "authors": [
                {
                    "name": "Contributors",
                    "homepage": "https://github.com/WordPress/WordPress-Coding-Standards/graphs/contributors"
                }
            ],
            "description": "PHP_CodeSniffer rules (sniffs) to enforce WordPress coding conventions",
            "keywords": [
                "WordPress",
                "phpcs",
                "standards",
                "static analysis"
            ],
            "support": {
                "issues": "https://github.com/WordPress/WordPress-Coding-Standards/issues",
                "wiki": "https://github.com/WordPress/WordPress-Coding-Standards/wiki",
                "source": "https://github.com/WordPress/WordPress-Coding-Standards"
            }
        }
    ],
    "aliases": [],
    "minimum-stability": "stable",
    "stability-flags": {},
    "prefer-stable": false,
    "prefer-lowest": false,
    "platform": {},
    "platform-dev": {
        "php": ">=8.0"
    },
    "platform-overrides": {
        "php": "8.3"
    },
    "plugin-api-version": "2.6.0"
}
